
Microsoft Visual Studio Solution File, Format Version 12.00
# Visual Studio Version 16
VisualStudioVersion = 16.0.29209.62
MinimumVisualStudioVersion = 10.0.40219.1
Project("{FAE04EC0-301F-11D3-BF4B-00C04F79EFBC}") = "Login System", "Login System\Login System.csproj", "{68F856DF-1601-43B9-9AA9-0A6F87CC0A5E}"
EndProject
Global
	GlobalSection(SolutionConfigurationPlatforms) = preSolution
		Debug|Any CPU = Debug|Any CPU
		Release|Any CPU = Release|Any CPU
	EndGlobalSection
	GlobalSection(ProjectConfigurationPlatforms) = postSolution
		{68F856DF-1601-43B9-9AA9-0A6F87CC0A5E}.Debug|Any CPU.ActiveCfg = Debug|Any CPU
		{68F856DF-1601-43B9-9AA9-0A6F87CC0A5E}.Debug|Any CPU.Build.0 = Debug|Any CPU
		{68F856DF-1601-43B9-9AA9-0A6F87CC0A5E}.Release|Any CPU.ActiveCfg = Release|Any CPU
		{68F856DF-1601-43B9-9AA9-0A6F87CC0A5E}.Release|Any CPU.Build.0 = Release|Any CPU
	EndGlobalSection
	GlobalSection(SolutionProperties) = preSolution
		HideSolutionNode = FALSE
	EndGlobalSection
	GlobalSection(ExtensibilityGlobals) = postSolution
		SolutionGuid = {A08FD492-FDCB-4FD3-B97E-84B5488AD227}
	EndGlobalSection
EndGlobal
